
Microsoft Visual Studio Solution File, Format Version 9.00
# Visual Studio 2005
Project("{8BC9CEB8-8B4A-11D0-8D11-00A0C91BC942}") = "UnicodeConverter", "UnicodeConverter.vcproj", "{58BB843F-0AE5-4AC9-98FF-C728FD887E4D}"
EndProject
Global
	GlobalSection(SolutionConfigurationPlatforms) = preSolution
		Debug|Win32 = Debug|Win32
		Release|Win32 = Release|Win32
	EndGlobalSection
	GlobalSection(ProjectConfigurationPlatforms) = postSolution
		{58BB843F-0AE5-4AC9-98FF-C728FD887E4D}.Debug|Win32.ActiveCfg = Debug|Win32
		{58BB843F-0AE5-4AC9-98FF-C728FD887E4D}.Debug|Win32.Build.0 = Debug|Win32
		{58BB843F-0AE5-4AC9-98FF-C728FD887E4D}.Release|Win32.ActiveCfg = Release|Win32
		{58BB843F-0AE5-4AC9-98FF-C728FD887E4D}.Release|Win32.Build.0 = Release|Win32
	EndGlobalSection
	GlobalSection(SolutionProperties) = preSolution
		HideSolutionNode = FALSE
	EndGlobalSection
EndGlobal
